// !$*UTF8*$!
{
	archiveVersion = 1;
	classes = {
	};
	objectVersion = 50;
	objects = {

/* Begin PBXBuildFile section */
		76C28C0C2567A70D00A763FD /* AppDelegate.swift in Sources */ = {isa = PBXBuildFile; fileRef = 76C28C0B2567A70D00A763FD /* AppDelegate.swift */; };
		76C28C0E2567A70D00A763FD /* SceneDelegate.swift in Sources */ = {isa = PBXBuildFile; fileRef = 76C28C0D2567A70D00A763FD /* SceneDelegate.swift */; };
		76C28C132567A70D00A763FD /* Main.storyboard in Resources */ = {isa = PBXBuildFile; fileRef = 76C28C112567A70D00A763FD /* Main.storyboard */; };
		76C28C152567A70F00A763FD /* Assets.xcassets in Resources */ = {isa = PBXBuildFile; fileRef = 76C28C142567A70F00A763FD /* Assets.xcassets */; };
		76C28C182567A70F00A763FD /* LaunchScreen.storyboard in Resources */ = {isa = PBXBuildFile; fileRef = 76C28C162567A70F00A763FD /* LaunchScreen.storyboard */; };
		76C28C232567A70F00A763FD /* SampleAPICallTests.swift in Sources */ = {isa = PBXBuildFile; fileRef = 76C28C222567A70F00A763FD /* SampleAPICallTests.swift */; };
		76C28C2E2567A70F00A763FD /* SampleAPICallUITests.swift in Sources */ = {isa = PBXBuildFile; fileRef = 76C28C2D2567A70F00A763FD /* SampleAPICallUITests.swift */; };
		76C28C442567A78400A763FD /* ViewController.swift in Sources */ = {isa = PBXBuildFile; fileRef = 76C28C422567A78400A763FD /* ViewController.swift */; };
		76C28C4C2567A79E00A763FD /* Track.swift in Sources */ = {isa = PBXBuildFile; fileRef = 76C28C4B2567A79E00A763FD /* Track.swift */; };
		76C28C512567A96800A763FD /* TrackObject.swift in Sources */ = {isa = PBXBuildFile; fileRef = 76C28C502567A96800A763FD /* TrackObject.swift */; };
		76C28C562567AAFC00A763FD /* Dynamic.swift in Sources */ = {isa = PBXBuildFile; fileRef = 76C28C552567AAFC00A763FD /* Dynamic.swift */; };
		76C28C5B2567ABF500A763FD /* TrackManager.swift in Sources */ = {isa = PBXBuildFile; fileRef = 76C28C5A2567ABF500A763FD /* TrackManager.swift */; };
		76C28C602567B1B000A763FD /* TrackViewModel.swift in Sources */ = {isa = PBXBuildFile; fileRef = 76C28C5F2567B1B000A763FD /* TrackViewModel.swift */; };
/* End PBXBuildFile section */

/* Begin PBXContainerItemProxy section */
		76C28C1F2567A70F00A763FD /* PBXContainerItemProxy */ = {
			isa = PBXContainerItemProxy;
			containerPortal = 76C28C002567A70D00A763FD /* Project object */;
			proxyType = 1;
			remoteGlobalIDString = 76C28C072567A70D00A763FD;
			remoteInfo = SampleAPICall;
		};
		76C28C2A2567A70F00A763FD /* PBXContainerItemProxy */ = {
			isa = PBXContainerItemProxy;
			containerPortal = 76C28C002567A70D00A763FD /* Project object */;
			proxyType = 1;
			remoteGlobalIDString = 76C28C072567A70D00A763FD;
			remoteInfo = SampleAPICall;
		};
/* End PBXContainerItemProxy section */

/* Begin PBXFileReference section */
		76C28C082567A70D00A763FD /* SampleAPICall.app */ = {isa = PBXFileReference; explicitFileType = wrapper.application; includeInIndex = 0; path = SampleAPICall.app; sourceTree = BUILT_PRODUCTS_DIR; };
		76C28C0B2567A70D00A763FD /* AppDelegate.swift */ = {isa = PBXFileReference; lastKnownFileType = sourcecode.swift; path = AppDelegate.swift; sourceTree = "<group>"; };
		76C28C0D2567A70D00A763FD /* SceneDelegate.swift */ = {isa = PBXFileReference; lastKnownFileType = sourcecode.swift; path = SceneDelegate.swift; sourceTree = "<group>"; };
		76C28C122567A70D00A763FD /* Base */ = {isa = PBXFileReference; lastKnownFileType = file.storyboard; name = Base; path = Base.lproj/Main.storyboard; sourceTree = "<group>"; };
		76C28C142567A70F00A763FD /* Assets.xcassets */ = {isa = PBXFileReference; lastKnownFileType = folder.assetcatalog; path = Assets.xcassets; sourceTree = "<group>"; };
		76C28C172567A70F00A763FD /* Base */ = {isa = PBXFileReference; lastKnownFileType = file.storyboard; name = Base; path = Base.lproj/LaunchScreen.storyboard; sourceTree = "<group>"; };
		76C28C192567A70F00A763FD /* Info.plist */ = {isa = PBXFileReference; lastKnownFileType = text.plist.xml; path = Info.plist; sourceTree = "<group>"; };
		76C28C1E2567A70F00A763FD /* SampleAPICallTests.xctest */ = {isa = PBXFileReference; explicitFileType = wrapper.cfbundle; includeInIndex = 0; path = SampleAPICallTests.xctest; sourceTree = BUILT_PRODUCTS_DIR; };
		76C28C222567A70F00A763FD /* SampleAPICallTests.swift */ = {isa = PBXFileReference; lastKnownFileType = sourcecode.swift; path = SampleAPICallTests.swift; sourceTree = "<group>"; };
		76C28C242567A70F00A763FD /* Info.plist */ = {isa = PBXFileReference; lastKnownFileType = text.plist.xml; path = Info.plist; sourceTree = "<group>"; };
		76C28C292567A70F00A763FD /* SampleAPICallUITests.xctest */ = {isa = PBXFileReference; explicitFileType = wrapper.cfbundle; includeInIndex = 0; path = SampleAPICallUITests.xctest; sourceTree = BUILT_PRODUCTS_DIR; };
		76C28C2D2567A70F00A763FD /* SampleAPICallUITests.swift */ = {isa = PBXFileReference; lastKnownFileType = sourcecode.swift; path = SampleAPICallUITests.swift; sourceTree = "<group>"; };
		76C28C2F2567A70F00A763FD /* Info.plist */ = {isa = PBXFileReference; lastKnownFileType = text.plist.xml; path = Info.plist; sourceTree = "<group>"; };
		76C28C422567A78400A763FD /* ViewController.swift */ = {isa = PBXFileReference; fileEncoding = 4; lastKnownFileType = sourcecode.swift; path = ViewController.swift; sourceTree = "<group>"; };
		76C28C4B2567A79E00A763FD /* Track.swift */ = {isa = PBXFileReference; lastKnownFileType = sourcecode.swift; path = Track.swift; sourceTree = "<group>"; };
		76C28C502567A96800A763FD /* TrackObject.swift */ = {isa = PBXFileReference; lastKnownFileType = sourcecode.swift; path = TrackObject.swift; sourceTree = "<group>"; };
		76C28C552567AAFC00A763FD /* Dynamic.swift */ = {isa = PBXFileReference; lastKnownFileType = sourcecode.swift; path = Dynamic.swift; sourceTree = "<group>"; };
		76C28C5A2567ABF500A763FD /* TrackManager.swift */ = {isa = PBXFileReference; lastKnownFileType = sourcecode.swift; path = TrackManager.swift; sourceTree = "<group>"; };
		76C28C5F2567B1B000A763FD /* TrackViewModel.swift */ = {isa = PBXFileReference; lastKnownFileType = sourcecode.swift; path = TrackViewModel.swift; sourceTree = "<group>"; };
/* End PBXFileReference section */

/* Begin PBXFrameworksBuildPhase section */
		76C28C052567A70D00A763FD /* Frameworks */ = {
			isa = PBXFrameworksBuildPhase;
			buildActionMask = 2147483647;
			files = (
			);
			runOnlyForDeploymentPostprocessing = 0;
		};
		76C28C1B2567A70F00A763FD /* Frameworks */ = {
			isa = PBXFrameworksBuildPhase;
			buildActionMask = 2147483647;
			files = (
			);
			runOnlyForDeploymentPostprocessing = 0;
		};
		76C28C262567A70F00A763FD /* Frameworks */ = {
			isa = PBXFrameworksBuildPhase;
			buildActionMask = 2147483647;
			files = (
			);
			runOnlyForDeploymentPostprocessing = 0;
		};
/* End PBXFrameworksBuildPhase section */

/* Begin PBXGroup section */
		76C28BFF2567A70D00A763FD = {
			isa = PBXGroup;
			children = (
				76C28C0A2567A70D00A763FD /* SampleAPICall */,
				76C28C212567A70F00A763FD /* SampleAPICallTests */,
				76C28C2C2567A70F00A763FD /* SampleAPICallUITests */,
				76C28C092567A70D00A763FD /* Products */,
			);
			sourceTree = "<group>";
		};
		76C28C092567A70D00A763FD /* Products */ = {
			isa = PBXGroup;
			children = (
				76C28C082567A70D00A763FD /* SampleAPICall.app */,
				76C28C1E2567A70F00A763FD /* SampleAPICallTests.xctest */,
				76C28C292567A70F00A763FD /* SampleAPICallUITests.xctest */,
			);
			name = Products;
			sourceTree = "<group>";
		};
		76C28C0A2567A70D00A763FD /* SampleAPICall */ = {
			isa = PBXGroup;
			children = (
				76C28C0B2567A70D00A763FD /* AppDelegate.swift */,
				76C28C0D2567A70D00A763FD /* SceneDelegate.swift */,
				76C28C3F2567A78400A763FD /* Managers */,
				76C28C3E2567A78400A763FD /* Model */,
				76C28C402567A78400A763FD /* View */,
				76C28C432567A78400A763FD /* ViewModel */,
				76C28C112567A70D00A763FD /* Main.storyboard */,
				76C28C142567A70F00A763FD /* Assets.xcassets */,
				76C28C162567A70F00A763FD /* LaunchScreen.storyboard */,
				76C28C192567A70F00A763FD /* Info.plist */,
			);
			path = SampleAPICall;
			sourceTree = "<group>";
		};
		76C28C212567A70F00A763FD /* SampleAPICallTests */ = {
			isa = PBXGroup;
			children = (
				76C28C222567A70F00A763FD /* SampleAPICallTests.swift */,
				76C28C242567A70F00A763FD /* Info.plist */,
			);
			path = SampleAPICallTests;
			sourceTree = "<group>";
		};
		76C28C2C2567A70F00A763FD /* SampleAPICallUITests */ = {
			isa = PBXGroup;
			children = (
				76C28C2D2567A70F00A763FD /* SampleAPICallUITests.swift */,
				76C28C2F2567A70F00A763FD /* Info.plist */,
			);
			path = SampleAPICallUITests;
			sourceTree = "<group>";
		};
		76C28C3E2567A78400A763FD /* Model */ = {
			isa = PBXGroup;
			children = (
				76C28C4B2567A79E00A763FD /* Track.swift */,
				76C28C502567A96800A763FD /* TrackObject.swift */,
			);
			path = Model;
			sourceTree = "<group>";
		};
		76C28C3F2567A78400A763FD /* Managers */ = {
			isa = PBXGroup;
			children = (
				76C28C5A2567ABF500A763FD /* TrackManager.swift */,
			);
			path = Managers;
			sourceTree = "<group>";
		};
		76C28C402567A78400A763FD /* View */ = {
			isa = PBXGroup;
			children = (
				76C28C412567A78400A763FD /* ViewControllers */,
			);
			path = View;
			sourceTree = "<group>";
		};
		76C28C412567A78400A763FD /* ViewControllers */ = {
			isa = PBXGroup;
			children = (
				76C28C422567A78400A763FD /* ViewController.swift */,
			);
			path = ViewControllers;
			sourceTree = "<group>";
		};
		76C28C432567A78400A763FD /* ViewModel */ = {
			isa = PBXGroup;
			children = (
				76C28C552567AAFC00A763FD /* Dynamic.swift */,
				76C28C5F2567B1B000A763FD /* TrackViewModel.swift */,
			);
			path = ViewModel;
			sourceTree = "<group>";
		};
/* End PBXGroup section */

/* Begin PBXNativeTarget section */
		76C28C072567A70D00A763FD /* SampleAPICall */ = {
			isa = PBXNativeTarget;
			buildConfigurationList = 76C28C322567A70F00A763FD /* Build configuration list for PBXNativeTarget "SampleAPICall" */;
			buildPhases = (
				76C28C042567A70D00A763FD /* Sources */,
				76C28C052567A70D00A763FD /* Frameworks */,
				76C28C062567A70D00A763FD /* Resources */,
			);
			buildRules = (
			);
			dependencies = (
			);
			name = SampleAPICall;
			productName = SampleAPICall;
			productReference = 76C28C082567A70D00A763FD /* SampleAPICall.app */;
			productType = "com.apple.product-type.application";
		};
		76C28C1D2567A70F00A763FD /* SampleAPICallTests */ = {
			isa = PBXNativeTarget;
			buildConfigurationList = 76C28C352567A70F00A763FD /* Build configuration list for PBXNativeTarget "SampleAPICallTests" */;
			buildPhases = (
				76C28C1A2567A70F00A763FD /* Sources */,
				76C28C1B2567A70F00A763FD /* Frameworks */,
				76C28C1C2567A70F00A763FD /* Resources */,
			);
			buildRules = (
			);
			dependencies = (
				76C28C202567A70F00A763FD /* PBXTargetDependency */,
			);
			name = SampleAPICallTests;
			productName = SampleAPICallTests;
			productReference = 76C28C1E2567A70F00A763FD /* SampleAPICallTests.xctest */;
			productType = "com.apple.product-type.bundle.unit-test";
		};
		76C28C282567A70F00A763FD /* SampleAPICallUITests */ = {
			isa = PBXNativeTarget;
			buildConfigurationList = 76C28C382567A70F00A763FD /* Build configuration list for PBXNativeTarget "SampleAPICallUITests" */;
			buildPhases = (
				76C28C252567A70F00A763FD /* Sources */,
				76C28C262567A70F00A763FD /* Frameworks */,
				76C28C272567A70F00A763FD /* Resources */,
			);
			buildRules = (
			);
			dependencies = (
				76C28C2B2567A70F00A763FD /* PBXTargetDependency */,
			);
			name = SampleAPICallUITests;
			productName = SampleAPICallUITests;
			productReference = 76C28C292567A70F00A763FD /* SampleAPICallUITests.xctest */;
			productType = "com.apple.product-type.bundle.ui-testing";
		};
/* End PBXNativeTarget section */

/* Begin PBXProject section */
		76C28C002567A70D00A763FD /* Project object */ = {
			isa = PBXProject;
			attributes = {
				LastSwiftUpdateCheck = 1200;
				LastUpgradeCheck = 1200;
				TargetAttributes = {
					76C28C072567A70D00A763FD = {
						CreatedOnToolsVersion = 12.0.1;
					};
					76C28C1D2567A70F00A763FD = {
						CreatedOnToolsVersion = 12.0.1;
						TestTargetID = 76C28C072567A70D00A763FD;
					};
					76C28C282567A70F00A763FD = {
						CreatedOnToolsVersion = 12.0.1;
						TestTargetID = 76C28C072567A70D00A763FD;
					};
				};
			};
			buildConfigurationList = 76C28C032567A70D00A763FD /* Build configuration list for PBXProject "SampleAPICall" */;
			compatibilityVersion = "Xcode 9.3";
			developmentRegion = en;
			hasScannedForEncodings = 0;
			knownRegions = (
				en,
				Base,
			);
			mainGroup = 76C28BFF2567A70D00A763FD;
			productRefGroup = 76C28C092567A70D00A763FD /* Products */;
			projectDirPath = "";
			projectRoot = "";
			targets = (
				76C28C072567A70D00A763FD /* SampleAPICall */,
				76C28C1D2567A70F00A763FD /* SampleAPICallTests */,
				76C28C282567A70F00A763FD /* SampleAPICallUITests */,
			);
		};
/* End PBXProject section */

/* Begin PBXResourcesBuildPhase section */
		76C28C062567A70D00A763FD /* Resources */ = {
			isa = PBXResourcesBuildPhase;
			buildActionMask = 2147483647;
			files = (
				76C28C182567A70F00A763FD /* LaunchScreen.storyboard in Resources */,
				76C28C152567A70F00A763FD /* Assets.xcassets in Resources */,
				76C28C132567A70D00A763FD /* Main.storyboard in Resources */,
			);
			runOnlyForDeploymentPostprocessing = 0;
		};
		76C28C1C2567A70F00A763FD /* Resources */ = {
			isa = PBXResourcesBuildPhase;
			buildActionMask = 2147483647;
			files = (
			);
			runOnlyForDeploymentPostprocessing = 0;
		};
		76C28C272567A70F00A763FD /* Resources */ = {
			isa = PBXResourcesBuildPhase;
			buildActionMask = 2147483647;
			files = (
			);
			runOnlyForDeploymentPostprocessing = 0;
		};
/* End PBXResourcesBuildPhase section */

/* Begin PBXSourcesBuildPhase section */
		76C28C042567A70D00A763FD /* Sources */ = {
			isa = PBXSourcesBuildPhase;
			buildActionMask = 2147483647;
			files = (
				76C28C602567B1B000A763FD /* TrackViewModel.swift in Sources */,
				76C28C512567A96800A763FD /* TrackObject.swift in Sources */,
				76C28C0C2567A70D00A763FD /* AppDelegate.swift in Sources */,
				76C28C5B2567ABF500A763FD /* TrackManager.swift in Sources */,
				76C28C442567A78400A763FD /* ViewController.swift in Sources */,
				76C28C562567AAFC00A763FD /* Dynamic.swift in Sources */,
				76C28C0E2567A70D00A763FD /* SceneDelegate.swift in Sources */,
				76C28C4C2567A79E00A763FD /* Track.swift in Sources */,
			);
			runOnlyForDeploymentPostprocessing = 0;
		};
		76C28C1A2567A70F00A763FD /* Sources */ = {
			isa = PBXSourcesBuildPhase;
			buildActionMask = 2147483647;
			files = (
				76C28C232567A70F00A763FD /* SampleAPICallTests.swift in Sources */,
			);
			runOnlyForDeploymentPostprocessing = 0;
		};
		76C28C252567A70F00A763FD /* Sources */ = {
			isa = PBXSourcesBuildPhase;
			buildActionMask = 2147483647;
			files = (
				76C28C2E2567A70F00A763FD /* SampleAPICallUITests.swift in Sources */,
			);
			runOnlyForDeploymentPostprocessing = 0;
		};
/* End PBXSourcesBuildPhase section */

/* Begin PBXTargetDependency section */
		76C28C202567A70F00A763FD /* PBXTargetDependency */ = {
			isa = PBXTargetDependency;
			target = 76C28C072567A70D00A763FD /* SampleAPICall */;
			targetProxy = 76C28C1F2567A70F00A763FD /* PBXContainerItemProxy */;
		};
		76C28C2B2567A70F00A763FD /* PBXTargetDependency */ = {
			isa = PBXTargetDependency;
			target = 76C28C072567A70D00A763FD /* SampleAPICall */;
			targetProxy = 76C28C2A2567A70F00A763FD /* PBXContainerItemProxy */;
		};
/* End PBXTargetDependency section */

/* Begin PBXVariantGroup section */
		76C28C112567A70D00A763FD /* Main.storyboard */ = {
			isa = PBXVariantGroup;
			children = (
				76C28C122567A70D00A763FD /* Base */,
			);
			name = Main.storyboard;
			sourceTree = "<group>";
		};
		76C28C162567A70F00A763FD /* LaunchScreen.storyboard */ = {
			isa = PBXVariantGroup;
			children = (
				76C28C172567A70F00A763FD /* Base */,
			);
			name = LaunchScreen.storyboard;
			sourceTree = "<group>";
		};
/* End PBXVariantGroup section */

/* Begin XCBuildConfiguration section */
		76C28C302567A70F00A763FD /* Debug */ = {
			isa = XCBuildConfiguration;
			buildSettings = {
				ALWAYS_SEARCH_USER_PATHS = NO;
				CLANG_ANALYZER_NONNULL = YES;
				CLANG_ANALYZER_NUMBER_OBJECT_CONVERSION = YES_AGGRESSIVE;
				CLANG_CXX_LANGUAGE_STANDARD = "gnu++14";
				CLANG_CXX_LIBRARY = "libc++";
				CLANG_ENABLE_MODULES = YES;
				CLANG_ENABLE_OBJC_ARC = YES;
				CLANG_ENABLE_OBJC_WEAK = YES;
				CLANG_WARN_BLOCK_CAPTURE_AUTORELEASING = YES;
				CLANG_WARN_BOOL_CONVERSION = YES;
				CLANG_WARN_COMMA = YES;
				CLANG_WARN_CONSTANT_CONVERSION = YES;
				CLANG_WARN_DEPRECATED_OBJC_IMPLEMENTATIONS = YES;
				CLANG_WARN_DIRECT_OBJC_ISA_USAGE = YES_ERROR;
				CLANG_WARN_DOCUMENTATION_COMMENTS = YES;
				CLANG_WARN_EMPTY_BODY = YES;
				CLANG_WARN_ENUM_CONVERSION = YES;
				CLANG_WARN_INFINITE_RECURSION = YES;
				CLANG_WARN_INT_CONVERSION = YES;
				CLANG_WARN_NON_LITERAL_NULL_CONVERSION = YES;
				CLANG_WARN_OBJC_IMPLICIT_RETAIN_SELF = YES;
				CLANG_WARN_OBJC_LITERAL_CONVERSION = YES;
				CLANG_WARN_OBJC_ROOT_CLASS = YES_ERROR;
				CLANG_WARN_QUOTED_INCLUDE_IN_FRAMEWORK_HEADER = YES;
				CLANG_WARN_RANGE_LOOP_ANALYSIS = YES;
				CLANG_WARN_STRICT_PROTOTYPES = YES;
				CLANG_WARN_SUSPICIOUS_MOVE = YES;
				CLANG_WARN_UNGUARDED_AVAILABILITY = YES_AGGRESSIVE;
				CLANG_WARN_UNREACHABLE_CODE = YES;
				CLANG_WARN__DUPLICATE_METHOD_MATCH = YES;
				COPY_PHASE_STRIP = NO;
				DEBUG_INFORMATION_FORMAT = dwarf;
				ENABLE_STRICT_OBJC_MSGSEND = YES;
				ENABLE_TESTABILITY = YES;
				GCC_C_LANGUAGE_STANDARD = gnu11;
				GCC_DYNAMIC_NO_PIC = NO;
				GCC_NO_COMMON_BLOCKS = YES;
				GCC_OPTIMIZATION_LEVEL = 0;
				GCC_PREPROCESSOR_DEFINITIONS = (
					"DEBUG=1",
					"$(inherited)",
				);
				GCC_WARN_64_TO_32_BIT_CONVERSION = YES;
				GCC_WARN_ABOUT_RETURN_TYPE = YES_ERROR;
				GCC_WARN_UNDECLARED_SELECTOR = YES;
				GCC_WARN_UNINITIALIZED_AUTOS = YES_AGGRESSIVE;
				GCC_WARN_UNUSED_FUNCTION = YES;
				GCC_WARN_UNUSED_VARIABLE = YES;
				IPHONEOS_DEPLOYMENT_TARGET = 14.0;
				MTL_ENABLE_DEBUG_INFO = INCLUDE_SOURCE;
				MTL_FAST_MATH = YES;
				ONLY_ACTIVE_ARCH = YES;
				SDKROOT = iphoneos;
				SWIFT_ACTIVE_COMPILATION_CONDITIONS = DEBUG;
				SWIFT_OPTIMIZATION_LEVEL = "-Onone";
			};
			name = Debug;
		};
		76C28C312567A70F00A763FD /* Release */ = {
			isa = XCBuildConfiguration;
			buildSettings = {
				ALWAYS_SEARCH_USER_PATHS = NO;
				CLANG_ANALYZER_NONNULL = YES;
				CLANG_ANALYZER_NUMBER_OBJECT_CONVERSION = YES_AGGRESSIVE;
				CLANG_CXX_LANGUAGE_STANDARD = "gnu++14";
				CLANG_CXX_LIBRARY = "libc++";
				CLANG_ENABLE_MODULES = YES;
				CLANG_ENABLE_OBJC_ARC = YES;
				CLANG_ENABLE_OBJC_WEAK = YES;
				CLANG_WARN_BLOCK_CAPTURE_AUTORELEASING = YES;
				CLANG_WARN_BOOL_CONVERSION = YES;
				CLANG_WARN_COMMA = YES;
				CLANG_WARN_CONSTANT_CONVERSION = YES;
				CLANG_WARN_DEPRECATED_OBJC_IMPLEMENTATIONS = YES;
				CLANG_WARN_DIRECT_OBJC_ISA_USAGE = YES_ERROR;
				CLANG_WARN_DOCUMENTATION_COMMENTS = YES;
				CLANG_WARN_EMPTY_BODY = YES;
				CLANG_WARN_ENUM_CONVERSION = YES;
				CLANG_WARN_INFINITE_RECURSION = YES;
				CLANG_WARN_INT_CONVERSION = YES;
				CLANG_WARN_NON_LITERAL_NULL_CONVERSION = YES;
				CLANG_WARN_OBJC_IMPLICIT_RETAIN_SELF = YES;
				CLANG_WARN_OBJC_LITERAL_CONVERSION = YES;
				CLANG_WARN_OBJC_ROOT_CLASS = YES_ERROR;
				CLANG_WARN_QUOTED_INCLUDE_IN_FRAMEWORK_HEADER = YES;
				CLANG_WARN_RANGE_LOOP_ANALYSIS = YES;
				CLANG_WARN_STRICT_PROTOTYPES = YES;
				CLANG_WARN_SUSPICIOUS_MOVE = YES;
				CLANG_WARN_UNGUARDED_AVAILABILITY = YES_AGGRESSIVE;
				CLANG_WARN_UNREACHABLE_CODE = YES;
				CLANG_WARN__DUPLICATE_METHOD_MATCH = YES;
				COPY_PHASE_STRIP = NO;
				DEBUG_INFORMATION_FORMAT = "dwarf-with-dsym";
				ENABLE_NS_ASSERTIONS = NO;
				ENABLE_STRICT_OBJC_MSGSEND = YES;
				GCC_C_LANGUAGE_STANDARD = gnu11;
				GCC_NO_COMMON_BLOCKS = YES;
				GCC_WARN_64_TO_32_BIT_CONVERSION = YES;
				GCC_WARN_ABOUT_RETURN_TYPE = YES_ERROR;
				GCC_WARN_UNDECLARED_SELECTOR = YES;
				GCC_WARN_UNINITIALIZED_AUTOS = YES_AGGRESSIVE;
				GCC_WARN_UNUSED_FUNCTION = YES;
				GCC_WARN_UNUSED_VARIABLE = YES;
				IPHONEOS_DEPLOYMENT_TARGET = 14.0;
				MTL_ENABLE_DEBUG_INFO = NO;
				MTL_FAST_MATH = YES;
				SDKROOT = iphoneos;
				SWIFT_COMPILATION_MODE = wholemodule;
				SWIFT_OPTIMIZATION_LEVEL = "-O";
				VALIDATE_PRODUCT = YES;
			};
			name = Release;
		};
		76C28C332567A70F00A763FD /* Debug */ = {
			isa = XCBuildConfiguration;
			buildSettings = {
				ASSETCATALOG_COMPILER_APPICON_NAME = AppIcon;
				ASSETCATALOG_COMPILER_GLOBAL_ACCENT_COLOR_NAME = AccentColor;
				CODE_SIGN_STYLE = Automatic;
				INFOPLIST_FILE = SampleAPICall/Info.plist;
				LD_RUNPATH_SEARCH_PATHS = (
					"$(inherited)",
					"@executable_path/Frameworks",
				);
				PRODUCT_BUNDLE_IDENTIFIER = com.teksystems.SampleAPICall;
				PRODUCT_NAME = "$(TARGET_NAME)";
				SWIFT_VERSION = 5.0;
				TARGETED_DEVICE_FAMILY = "1,2";
			};
			name = Debug;
		};
		76C28C342567A70F00A763FD /* Release */ = {
			isa = XCBuildConfiguration;
			buildSettings = {
				ASSETCATALOG_COMPILER_APPICON_NAME = AppIcon;
				ASSETCATALOG_COMPILER_GLOBAL_ACCENT_COLOR_NAME = AccentColor;
				CODE_SIGN_STYLE = Automatic;
				INFOPLIST_FILE = SampleAPICall/Info.plist;
				LD_RUNPATH_SEARCH_PATHS = (
					"$(inherited)",
					"@executable_path/Frameworks",
				);
				PRODUCT_BUNDLE_IDENTIFIER = com.teksystems.SampleAPICall;
				PRODUCT_NAME = "$(TARGET_NAME)";
				SWIFT_VERSION = 5.0;
				TARGETED_DEVICE_FAMILY = "1,2";
			};
			name = Release;
		};
		76C28C362567A70F00A763FD /* Debug */ = {
			isa = XCBuildConfiguration;
			buildSettings = {
				ALWAYS_EMBED_SWIFT_STANDARD_LIBRARIES = YES;
				BUNDLE_LOADER = "$(TEST_HOST)";
				CODE_SIGN_STYLE = Automatic;
				INFOPLIST_FILE = SampleAPICallTests/Info.plist;
				IPHONEOS_DEPLOYMENT_TARGET = 14.0;
				LD_RUNPATH_SEARCH_PATHS = (
					"$(inherited)",
					"@executable_path/Frameworks",
					"@loader_path/Frameworks",
				);
				PRODUCT_BUNDLE_IDENTIFIER = com.teksystems.SampleAPICallTests;
				PRODUCT_NAME = "$(TARGET_NAME)";
				SWIFT_VERSION = 5.0;
				TARGETED_DEVICE_FAMILY = "1,2";
				TEST_HOST = "$(BUILT_PRODUCTS_DIR)/SampleAPICall.app/SampleAPICall";
			};
			name = Debug;
		};
		76C28C372567A70F00A763FD /* Release */ = {
			isa = XCBuildConfiguration;
			buildSettings = {
				ALWAYS_EMBED_SWIFT_STANDARD_LIBRARIES = YES;
				BUNDLE_LOADER = "$(TEST_HOST)";
				CODE_SIGN_STYLE = Automatic;
				INFOPLIST_FILE = SampleAPICallTests/Info.plist;
				IPHONEOS_DEPLOYMENT_TARGET = 14.0;
				LD_RUNPATH_SEARCH_PATHS = (
					"$(inherited)",
					"@executable_path/Frameworks",
					"@loader_path/Frameworks",
				);
				PRODUCT_BUNDLE_IDENTIFIER = com.teksystems.SampleAPICallTests;
				PRODUCT_NAME = "$(TARGET_NAME)";
				SWIFT_VERSION = 5.0;
				TARGETED_DEVICE_FAMILY = "1,2";
				TEST_HOST = "$(BUILT_PRODUCTS_DIR)/SampleAPICall.app/SampleAPICall";
			};
			name = Release;
		};
		76C28C392567A70F00A763FD /* Debug */ = {
			isa = XCBuildConfiguration;
			buildSettings = {
				ALWAYS_EMBED_SWIFT_STANDARD_LIBRARIES = YES;
				CODE_SIGN_STYLE = Automatic;
				INFOPLIST_FILE = SampleAPICallUITests/Info.plist;
				LD_RUNPATH_SEARCH_PATHS = (
					"$(inherited)",
					"@executable_path/Frameworks",
					"@loader_path/Frameworks",
				);
				PRODUCT_BUNDLE_IDENTIFIER = com.teksystems.SampleAPICallUITests;
				PRODUCT_NAME = "$(TARGET_NAME)";
				SWIFT_VERSION = 5.0;
				TARGETED_DEVICE_FAMILY = "1,2";
				TEST_TARGET_NAME = SampleAPICall;
			};
			name = Debug;
		};
		76C28C3A2567A70F00A763FD /* Release */ = {
			isa = XCBuildConfiguration;
			buildSettings = {
				ALWAYS_EMBED_SWIFT_STANDARD_LIBRARIES = YES;
				CODE_SIGN_STYLE = Automatic;
				INFOPLIST_FILE = SampleAPICallUITests/Info.plist;
				LD_RUNPATH_SEARCH_PATHS = (
					"$(inherited)",
					"@executable_path/Frameworks",
					"@loader_path/Frameworks",
				);
				PRODUCT_BUNDLE_IDENTIFIER = com.teksystems.SampleAPICallUITests;
				PRODUCT_NAME = "$(TARGET_NAME)";
				SWIFT_VERSION = 5.0;
				TARGETED_DEVICE_FAMILY = "1,2";
				TEST_TARGET_NAME = SampleAPICall;
			};
			name = Release;
		};
/* End XCBuildConfiguration section */

/* Begin XCConfigurationList section */
		76C28C032567A70D00A763FD /* Build configuration list for PBXProject "SampleAPICall" */ = {
			isa = XCConfigurationList;
			buildConfigurations = (
				76C28C302567A70F00A763FD /* Debug */,
				76C28C312567A70F00A763FD /* Release */,
			);
			defaultConfigurationIsVisible = 0;
			defaultConfigurationName = Release;
		};
		76C28C322567A70F00A763FD /* Build configuration list for PBXNativeTarget "SampleAPICall" */ = {
			isa = XCConfigurationList;
			buildConfigurations = (
				76C28C332567A70F00A763FD /* Debug */,
				76C28C342567A70F00A763FD /* Release */,
			);
			defaultConfigurationIsVisible = 0;
			defaultConfigurationName = Release;
		};
		76C28C352567A70F00A763FD /* Build configuration list for PBXNativeTarget "SampleAPICallTests" */ = {
			isa = XCConfigurationList;
			buildConfigurations = (
				76C28C362567A70F00A763FD /* Debug */,
				76C28C372567A70F00A763FD /* Release */,
			);
			defaultConfigurationIsVisible = 0;
			defaultConfigurationName = Release;
		};
		76C28C382567A70F00A763FD /* Build configuration list for PBXNativeTarget "SampleAPICallUITests" */ = {
			isa = XCConfigurationList;
			buildConfigurations = (
				76C28C392567A70F00A763FD /* Debug */,
				76C28C3A2567A70F00A763FD /* Release */,
			);
			defaultConfigurationIsVisible = 0;
			defaultConfigurationName = Release;
		};
/* End XCConfigurationList section */
	};
	rootObject = 76C28C002567A70D00A763FD /* Project object */;
}
